
Microsoft Visual Studio Solution File, Format Version 12.00
# Visual Studio Version 17
VisualStudioVersion = 17.3.32901.215
MinimumVisualStudioVersion = 10.0.40219.1
Project("{FAE04EC0-301F-11D3-BF4B-00C04F79EFBC}") = "Modern_Flat_UI", "Modern_Flat_UI\Modern_Flat_UI.csproj", "{4F7238D8-2BC7-44C6-A549-B5092D9CA892}"
EndProject
Global
	GlobalSection(SolutionConfigurationPlatforms) = preSolution
		Debug|Any CPU = Debug|Any CPU
		Release|Any CPU = Release|Any CPU
	EndGlobalSection
	GlobalSection(ProjectConfigurationPlatforms) = postSolution
		{4F7238D8-2BC7-44C6-A549-B5092D9CA892}.Debug|Any CPU.ActiveCfg = Debug|Any CPU
		{4F7238D8-2BC7-44C6-A549-B5092D9CA892}.Debug|Any CPU.Build.0 = Debug|Any CPU
		{4F7238D8-2BC7-44C6-A549-B5092D9CA892}.Release|Any CPU.ActiveCfg = Release|Any CPU
		{4F7238D8-2BC7-44C6-A549-B5092D9CA892}.Release|Any CPU.Build.0 = Release|Any CPU
	EndGlobalSection
	GlobalSection(SolutionProperties) = preSolution
		HideSolutionNode = FALSE
	EndGlobalSection
	GlobalSection(ExtensibilityGlobals) = postSolution
		SolutionGuid = {9C6AA5EF-DED7-4139-AEE1-66FD63015B29}
	EndGlobalSection
EndGlobal
